
Microsoft Visual Studio Solution File, Format Version 12.00
# Visual Studio 15
VisualStudioVersion = 15.0.28307.168
MinimumVisualStudioVersion = 10.0.40219.1
Project("{FAE04EC0-301F-11D3-BF4B-00C04F79EFBC}") = "WebApplication", "WebApplication\WebApplication.csproj", "{090EF100-31D9-4EA3-8707-0C27A26691E4}"
EndProject
Global
	GlobalSection(SolutionConfigurationPlatforms) = preSolution
		Debug|Any CPU = Debug|Any CPU
		Release|Any CPU = Release|Any CPU
	EndGlobalSection
	GlobalSection(ProjectConfigurationPlatforms) = postSolution
		{090EF100-31D9-4EA3-8707-0C27A26691E4}.Debug|Any CPU.ActiveCfg = Debug|Any CPU
		{090EF100-31D9-4EA3-8707-0C27A26691E4}.Debug|Any CPU.Build.0 = Debug|Any CPU
		{090EF100-31D9-4EA3-8707-0C27A26691E4}.Release|Any CPU.ActiveCfg = Release|Any CPU
		{090EF100-31D9-4EA3-8707-0C27A26691E4}.Release|Any CPU.Build.0 = Release|Any CPU
	EndGlobalSection
	GlobalSection(SolutionProperties) = preSolution
		HideSolutionNode = FALSE
	EndGlobalSection
	GlobalSection(ExtensibilityGlobals) = postSolution
		SolutionGuid = {74292EBD-7E54-45D4-9837-6ADA6C859B53}
	EndGlobalSection
EndGlobal
